
Microsoft Visual Studio Solution File, Format Version 11.00
# Visual Studio 2010
Project("{2150E333-8FDC-42A3-9474-1A3956D46DE8}") = ".nuget", ".nuget", "{C00D70DB-1297-48F1-8708-26E0AFBE773E}"
	ProjectSection(SolutionItems) = preProject
		.nuget\NuGet.Config = .nuget\NuGet.Config
		.nuget\NuGet.exe = .nuget\NuGet.exe
		.nuget\NuGet.targets = .nuget\NuGet.targets
	EndProjectSection
EndProject
Project("{2150E333-8FDC-42A3-9474-1A3956D46DE8}") = "Documents", "Documents", "{72C70C6D-D5DF-478B-BD69-89B8DD46C11E}"
	ProjectSection(SolutionItems) = preProject
		LICENSE = LICENSE
		README.md = README.md
	EndProjectSection
EndProject
Project("{FAE04EC0-301F-11D3-BF4B-00C04F79EFBC}") = "Peer2Net", "source\Peer2Net.csproj", "{4F5330BB-6BE3-48A2-903D-A492BE05B2AB}"
EndProject
Project("{FAE04EC0-301F-11D3-BF4B-00C04F79EFBC}") = "Peer2Net.Tests", "tests\Peer2Net.Tests.csproj", "{A037A1D0-CB30-45AA-81BB-660109BDA90D}"
EndProject
Project("{FAE04EC0-301F-11D3-BF4B-00C04F79EFBC}") = "Peer2Net.ConsoleChat", "chat\Peer2Net.ConsoleChat.csproj", "{83267F68-E46C-4AE4-B328-C0CD7496BB28}"
EndProject
Global
	GlobalSection(SolutionConfigurationPlatforms) = preSolution
		Debug|Any CPU = Debug|Any CPU
		Release|Any CPU = Release|Any CPU
	EndGlobalSection
	GlobalSection(ProjectConfigurationPlatforms) = postSolution
		{4F5330BB-6BE3-48A2-903D-A492BE05B2AB}.Debug|Any CPU.ActiveCfg = Debug|Any CPU
		{4F5330BB-6BE3-48A2-903D-A492BE05B2AB}.Debug|Any CPU.Build.0 = Debug|Any CPU
		{4F5330BB-6BE3-48A2-903D-A492BE05B2AB}.Release|Any CPU.ActiveCfg = Release|Any CPU
		{4F5330BB-6BE3-48A2-903D-A492BE05B2AB}.Release|Any CPU.Build.0 = Release|Any CPU
		{A037A1D0-CB30-45AA-81BB-660109BDA90D}.Debug|Any CPU.ActiveCfg = Debug|Any CPU
		{A037A1D0-CB30-45AA-81BB-660109BDA90D}.Debug|Any CPU.Build.0 = Debug|Any CPU
		{A037A1D0-CB30-45AA-81BB-660109BDA90D}.Release|Any CPU.ActiveCfg = Release|Any CPU
		{A037A1D0-CB30-45AA-81BB-660109BDA90D}.Release|Any CPU.Build.0 = Release|Any CPU
		{83267F68-E46C-4AE4-B328-C0CD7496BB28}.Debug|Any CPU.ActiveCfg = Debug|Any CPU
		{83267F68-E46C-4AE4-B328-C0CD7496BB28}.Debug|Any CPU.Build.0 = Debug|Any CPU
		{83267F68-E46C-4AE4-B328-C0CD7496BB28}.Release|Any CPU.ActiveCfg = Release|Any CPU
		{83267F68-E46C-4AE4-B328-C0CD7496BB28}.Release|Any CPU.Build.0 = Release|Any CPU
	EndGlobalSection
	GlobalSection(SolutionProperties) = preSolution
		HideSolutionNode = FALSE
	EndGlobalSection
EndGlobal
